// !$*UTF8*$!
{
	archiveVersion = 1;
	classes = {
	};
	objectVersion = 56;
	objects = {

/* Begin PBXBuildFile section */
		330C88722B6669C800FBF2BF /* AppDelegate.swift in Sources */ = {isa = PBXBuildFile; fileRef = 330C88712B6669C800FBF2BF /* AppDelegate.swift */; };
		330C88742B6669C800FBF2BF /* SceneDelegate.swift in Sources */ = {isa = PBXBuildFile; fileRef = 330C88732B6669C800FBF2BF /* SceneDelegate.swift */; };
		330C88762B6669C800FBF2BF /* ViewController.swift in Sources */ = {isa = PBXBuildFile; fileRef = 330C88752B6669C800FBF2BF /* ViewController.swift */; };
		330C88792B6669C800FBF2BF /* Main.storyboard in Resources */ = {isa = PBXBuildFile; fileRef = 330C88772B6669C800FBF2BF /* Main.storyboard */; };
		330C887B2B6669C900FBF2BF /* Assets.xcassets in Resources */ = {isa = PBXBuildFile; fileRef = 330C887A2B6669C900FBF2BF /* Assets.xcassets */; };
		330C887E2B6669C900FBF2BF /* LaunchScreen.storyboard in Resources */ = {isa = PBXBuildFile; fileRef = 330C887C2B6669C900FBF2BF /* LaunchScreen.storyboard */; };
		330C88862B666B7400FBF2BF /* NewsCell.swift in Sources */ = {isa = PBXBuildFile; fileRef = 330C88852B666B7400FBF2BF /* NewsCell.swift */; };
		330C888C2B6670E400FBF2BF /* News.swift in Sources */ = {isa = PBXBuildFile; fileRef = 330C888B2B6670E400FBF2BF /* News.swift */; };
		330C888E2B6676B600FBF2BF /* Webservice.swift in Sources */ = {isa = PBXBuildFile; fileRef = 330C888D2B6676B600FBF2BF /* Webservice.swift */; };
		33A72FC32B69A16F0050ECC3 /* NewsViewModel.swift in Sources */ = {isa = PBXBuildFile; fileRef = 33A72FC22B69A16F0050ECC3 /* NewsViewModel.swift */; };
/* End PBXBuildFile section */

/* Begin PBXFileReference section */
		330C886E2B6669C800FBF2BF /* HaberProjesi.app */ = {isa = PBXFileReference; explicitFileType = wrapper.application; includeInIndex = 0; path = HaberProjesi.app; sourceTree = BUILT_PRODUCTS_DIR; };
		330C88712B6669C800FBF2BF /* AppDelegate.swift */ = {isa = PBXFileReference; lastKnownFileType = sourcecode.swift; path = AppDelegate.swift; sourceTree = "<group>"; };
		330C88732B6669C800FBF2BF /* SceneDelegate.swift */ = {isa = PBXFileReference; lastKnownFileType = sourcecode.swift; path = SceneDelegate.swift; sourceTree = "<group>"; };
		330C88752B6669C800FBF2BF /* ViewController.swift */ = {isa = PBXFileReference; lastKnownFileType = sourcecode.swift; path = ViewController.swift; sourceTree = "<group>"; };
		330C88782B6669C800FBF2BF /* Base */ = {isa = PBXFileReference; lastKnownFileType = file.storyboard; name = Base; path = Base.lproj/Main.storyboard; sourceTree = "<group>"; };
		330C887A2B6669C900FBF2BF /* Assets.xcassets */ = {isa = PBXFileReference; lastKnownFileType = folder.assetcatalog; path = Assets.xcassets; sourceTree = "<group>"; };
		330C887D2B6669C900FBF2BF /* Base */ = {isa = PBXFileReference; lastKnownFileType = file.storyboard; name = Base; path = Base.lproj/LaunchScreen.storyboard; sourceTree = "<group>"; };
		330C887F2B6669C900FBF2BF /* Info.plist */ = {isa = PBXFileReference; lastKnownFileType = text.plist.xml; path = Info.plist; sourceTree = "<group>"; };
		330C88852B666B7400FBF2BF /* NewsCell.swift */ = {isa = PBXFileReference; lastKnownFileType = sourcecode.swift; path = NewsCell.swift; sourceTree = "<group>"; };
		330C888B2B6670E400FBF2BF /* News.swift */ = {isa = PBXFileReference; lastKnownFileType = sourcecode.swift; path = News.swift; sourceTree = "<group>"; };
		330C888D2B6676B600FBF2BF /* Webservice.swift */ = {isa = PBXFileReference; lastKnownFileType = sourcecode.swift; path = Webservice.swift; sourceTree = "<group>"; };
		33A72FC22B69A16F0050ECC3 /* NewsViewModel.swift */ = {isa = PBXFileReference; lastKnownFileType = sourcecode.swift; path = NewsViewModel.swift; sourceTree = "<group>"; };
/* End PBXFileReference section */

/* Begin PBXFrameworksBuildPhase section */
		330C886B2B6669C800FBF2BF /* Frameworks */ = {
			isa = PBXFrameworksBuildPhase;
			buildActionMask = 2147483647;
			files = (
			);
			runOnlyForDeploymentPostprocessing = 0;
		};
/* End PBXFrameworksBuildPhase section */

/* Begin PBXGroup section */
		330C88652B6669C800FBF2BF = {
			isa = PBXGroup;
			children = (
				330C88702B6669C800FBF2BF /* HaberProjesi */,
				330C886F2B6669C800FBF2BF /* Products */,
			);
			sourceTree = "<group>";
		};
		330C886F2B6669C800FBF2BF /* Products */ = {
			isa = PBXGroup;
			children = (
				330C886E2B6669C800FBF2BF /* HaberProjesi.app */,
			);
			name = Products;
			sourceTree = "<group>";
		};
		330C88702B6669C800FBF2BF /* HaberProjesi */ = {
			isa = PBXGroup;
			children = (
				330C888A2B66705A00FBF2BF /* Service */,
				330C88892B66704700FBF2BF /* ViewModel */,
				330C88882B66703B00FBF2BF /* View */,
				330C88872B66703200FBF2BF /* Model */,
				330C88772B6669C800FBF2BF /* Main.storyboard */,
				330C887A2B6669C900FBF2BF /* Assets.xcassets */,
				330C887C2B6669C900FBF2BF /* LaunchScreen.storyboard */,
				330C887F2B6669C900FBF2BF /* Info.plist */,
			);
			path = HaberProjesi;
			sourceTree = "<group>";
		};
		330C88872B66703200FBF2BF /* Model */ = {
			isa = PBXGroup;
			children = (
				330C888B2B6670E400FBF2BF /* News.swift */,
			);
			path = Model;
			sourceTree = "<group>";
		};
		330C88882B66703B00FBF2BF /* View */ = {
			isa = PBXGroup;
			children = (
				330C88712B6669C800FBF2BF /* AppDelegate.swift */,
				330C88732B6669C800FBF2BF /* SceneDelegate.swift */,
				330C88752B6669C800FBF2BF /* ViewController.swift */,
				330C88852B666B7400FBF2BF /* NewsCell.swift */,
			);
			path = View;
			sourceTree = "<group>";
		};
		330C88892B66704700FBF2BF /* ViewModel */ = {
			isa = PBXGroup;
			children = (
				33A72FC22B69A16F0050ECC3 /* NewsViewModel.swift */,
			);
			path = ViewModel;
			sourceTree = "<group>";
		};
		330C888A2B66705A00FBF2BF /* Service */ = {
			isa = PBXGroup;
			children = (
				330C888D2B6676B600FBF2BF /* Webservice.swift */,
			);
			path = Service;
			sourceTree = "<group>";
		};
/* End PBXGroup section */

/* Begin PBXNativeTarget section */
		330C886D2B6669C800FBF2BF /* HaberProjesi */ = {
			isa = PBXNativeTarget;
			buildConfigurationList = 330C88822B6669C900FBF2BF /* Build configuration list for PBXNativeTarget "HaberProjesi" */;
			buildPhases = (
				330C886A2B6669C800FBF2BF /* Sources */,
				330C886B2B6669C800FBF2BF /* Frameworks */,
				330C886C2B6669C800FBF2BF /* Resources */,
			);
			buildRules = (
			);
			dependencies = (
			);
			name = HaberProjesi;
			productName = HaberProjesi;
			productReference = 330C886E2B6669C800FBF2BF /* HaberProjesi.app */;
			productType = "com.apple.product-type.application";
		};
/* End PBXNativeTarget section */

/* Begin PBXProject section */
		330C88662B6669C800FBF2BF /* Project object */ = {
			isa = PBXProject;
			attributes = {
				BuildIndependentTargetsInParallel = 1;
				LastSwiftUpdateCheck = 1520;
				LastUpgradeCheck = 1520;
				TargetAttributes = {
					330C886D2B6669C800FBF2BF = {
						CreatedOnToolsVersion = 15.2;
					};
				};
			};
			buildConfigurationList = 330C88692B6669C800FBF2BF /* Build configuration list for PBXProject "HaberProjesi" */;
			compatibilityVersion = "Xcode 14.0";
			developmentRegion = en;
			hasScannedForEncodings = 0;
			knownRegions = (
				en,
				Base,
			);
			mainGroup = 330C88652B6669C800FBF2BF;
			productRefGroup = 330C886F2B6669C800FBF2BF /* Products */;
			projectDirPath = "";
			projectRoot = "";
			targets = (
				330C886D2B6669C800FBF2BF /* HaberProjesi */,
			);
		};
/* End PBXProject section */

/* Begin PBXResourcesBuildPhase section */
		330C886C2B6669C800FBF2BF /* Resources */ = {
			isa = PBXResourcesBuildPhase;
			buildActionMask = 2147483647;
			files = (
				330C887E2B6669C900FBF2BF /* LaunchScreen.storyboard in Resources */,
				330C887B2B6669C900FBF2BF /* Assets.xcassets in Resources */,
				330C88792B6669C800FBF2BF /* Main.storyboard in Resources */,
			);
			runOnlyForDeploymentPostprocessing = 0;
		};
/* End PBXResourcesBuildPhase section */

/* Begin PBXSourcesBuildPhase section */
		330C886A2B6669C800FBF2BF /* Sources */ = {
			isa = PBXSourcesBuildPhase;
			buildActionMask = 2147483647;
			files = (
				330C88762B6669C800FBF2BF /* ViewController.swift in Sources */,
				330C88722B6669C800FBF2BF /* AppDelegate.swift in Sources */,
				330C888E2B6676B600FBF2BF /* Webservice.swift in Sources */,
				330C88862B666B7400FBF2BF /* NewsCell.swift in Sources */,
				33A72FC32B69A16F0050ECC3 /* NewsViewModel.swift in Sources */,
				330C888C2B6670E400FBF2BF /* News.swift in Sources */,
				330C88742B6669C800FBF2BF /* SceneDelegate.swift in Sources */,
			);
			runOnlyForDeploymentPostprocessing = 0;
		};
/* End PBXSourcesBuildPhase section */

/* Begin PBXVariantGroup section */
		330C88772B6669C800FBF2BF /* Main.storyboard */ = {
			isa = PBXVariantGroup;
			children = (
				330C88782B6669C800FBF2BF /* Base */,
			);
			name = Main.storyboard;
			sourceTree = "<group>";
		};
		330C887C2B6669C900FBF2BF /* LaunchScreen.storyboard */ = {
			isa = PBXVariantGroup;
			children = (
				330C887D2B6669C900FBF2BF /* Base */,
			);
			name = LaunchScreen.storyboard;
			sourceTree = "<group>";
		};
/* End PBXVariantGroup section */

/* Begin XCBuildConfiguration section */
		330C88802B6669C900FBF2BF /* Debug */ = {
			isa = XCBuildConfiguration;
			buildSettings = {
				ALWAYS_SEARCH_USER_PATHS = NO;
				ASSETCATALOG_COMPILER_GENERATE_SWIFT_ASSET_SYMBOL_EXTENSIONS = YES;
				CLANG_ANALYZER_NONNULL = YES;
				CLANG_ANALYZER_NUMBER_OBJECT_CONVERSION = YES_AGGRESSIVE;
				CLANG_CXX_LANGUAGE_STANDARD = "gnu++20";
				CLANG_ENABLE_MODULES = YES;
				CLANG_ENABLE_OBJC_ARC = YES;
				CLANG_ENABLE_OBJC_WEAK = YES;
				CLANG_WARN_BLOCK_CAPTURE_AUTORELEASING = YES;
				CLANG_WARN_BOOL_CONVERSION = YES;
				CLANG_WARN_COMMA = YES;
				CLANG_WARN_CONSTANT_CONVERSION = YES;
				CLANG_WARN_DEPRECATED_OBJC_IMPLEMENTATIONS = YES;
				CLANG_WARN_DIRECT_OBJC_ISA_USAGE = YES_ERROR;
				CLANG_WARN_DOCUMENTATION_COMMENTS = YES;
				CLANG_WARN_EMPTY_BODY = YES;
				CLANG_WARN_ENUM_CONVERSION = YES;
				CLANG_WARN_INFINITE_RECURSION = YES;
				CLANG_WARN_INT_CONVERSION = YES;
				CLANG_WARN_NON_LITERAL_NULL_CONVERSION = YES;
				CLANG_WARN_OBJC_IMPLICIT_RETAIN_SELF = YES;
				CLANG_WARN_OBJC_LITERAL_CONVERSION = YES;
				CLANG_WARN_OBJC_ROOT_CLASS = YES_ERROR;
				CLANG_WARN_QUOTED_INCLUDE_IN_FRAMEWORK_HEADER = YES;
				CLANG_WARN_RANGE_LOOP_ANALYSIS = YES;
				CLANG_WARN_STRICT_PROTOTYPES = YES;
				CLANG_WARN_SUSPICIOUS_MOVE = YES;
				CLANG_WARN_UNGUARDED_AVAILABILITY = YES_AGGRESSIVE;
				CLANG_WARN_UNREACHABLE_CODE = YES;
				CLANG_WARN__DUPLICATE_METHOD_MATCH = YES;
				COPY_PHASE_STRIP = NO;
				DEBUG_INFORMATION_FORMAT = dwarf;
				ENABLE_STRICT_OBJC_MSGSEND = YES;
				ENABLE_TESTABILITY = YES;
				ENABLE_USER_SCRIPT_SANDBOXING = YES;
				GCC_C_LANGUAGE_STANDARD = gnu17;
				GCC_DYNAMIC_NO_PIC = NO;
				GCC_NO_COMMON_BLOCKS = YES;
				GCC_OPTIMIZATION_LEVEL = 0;
				GCC_PREPROCESSOR_DEFINITIONS = (
					"DEBUG=1",
					"$(inherited)",
				);
				GCC_WARN_64_TO_32_BIT_CONVERSION = YES;
				GCC_WARN_ABOUT_RETURN_TYPE = YES_ERROR;
				GCC_WARN_UNDECLARED_SELECTOR = YES;
				GCC_WARN_UNINITIALIZED_AUTOS = YES_AGGRESSIVE;
				GCC_WARN_UNUSED_FUNCTION = YES;
				GCC_WARN_UNUSED_VARIABLE = YES;
				IPHONEOS_DEPLOYMENT_TARGET = 17.2;
				LOCALIZATION_PREFERS_STRING_CATALOGS = YES;
				MTL_ENABLE_DEBUG_INFO = INCLUDE_SOURCE;
				MTL_FAST_MATH = YES;
				ONLY_ACTIVE_ARCH = YES;
				SDKROOT = iphoneos;
				SWIFT_ACTIVE_COMPILATION_CONDITIONS = "DEBUG $(inherited)";
				SWIFT_OPTIMIZATION_LEVEL = "-Onone";
			};
			name = Debug;
		};
		330C88812B6669C900FBF2BF /* Release */ = {
			isa = XCBuildConfiguration;
			buildSettings = {
				ALWAYS_SEARCH_USER_PATHS = NO;
				ASSETCATALOG_COMPILER_GENERATE_SWIFT_ASSET_SYMBOL_EXTENSIONS = YES;
				CLANG_ANALYZER_NONNULL = YES;
				CLANG_ANALYZER_NUMBER_OBJECT_CONVERSION = YES_AGGRESSIVE;
				CLANG_CXX_LANGUAGE_STANDARD = "gnu++20";
				CLANG_ENABLE_MODULES = YES;
				CLANG_ENABLE_OBJC_ARC = YES;
				CLANG_ENABLE_OBJC_WEAK = YES;
				CLANG_WARN_BLOCK_CAPTURE_AUTORELEASING = YES;
				CLANG_WARN_BOOL_CONVERSION = YES;
				CLANG_WARN_COMMA = YES;
				CLANG_WARN_CONSTANT_CONVERSION = YES;
				CLANG_WARN_DEPRECATED_OBJC_IMPLEMENTATIONS = YES;
				CLANG_WARN_DIRECT_OBJC_ISA_USAGE = YES_ERROR;
				CLANG_WARN_DOCUMENTATION_COMMENTS = YES;
				CLANG_WARN_EMPTY_BODY = YES;
				CLANG_WARN_ENUM_CONVERSION = YES;
				CLANG_WARN_INFINITE_RECURSION = YES;
				CLANG_WARN_INT_CONVERSION = YES;
				CLANG_WARN_NON_LITERAL_NULL_CONVERSION = YES;
				CLANG_WARN_OBJC_IMPLICIT_RETAIN_SELF = YES;
				CLANG_WARN_OBJC_LITERAL_CONVERSION = YES;
				CLANG_WARN_OBJC_ROOT_CLASS = YES_ERROR;
				CLANG_WARN_QUOTED_INCLUDE_IN_FRAMEWORK_HEADER = YES;
				CLANG_WARN_RANGE_LOOP_ANALYSIS = YES;
				CLANG_WARN_STRICT_PROTOTYPES = YES;
				CLANG_WARN_SUSPICIOUS_MOVE = YES;
				CLANG_WARN_UNGUARDED_AVAILABILITY = YES_AGGRESSIVE;
				CLANG_WARN_UNREACHABLE_CODE = YES;
				CLANG_WARN__DUPLICATE_METHOD_MATCH = YES;
				COPY_PHASE_STRIP = NO;
				DEBUG_INFORMATION_FORMAT = "dwarf-with-dsym";
				ENABLE_NS_ASSERTIONS = NO;
				ENABLE_STRICT_OBJC_MSGSEND = YES;
				ENABLE_USER_SCRIPT_SANDBOXING = YES;
				GCC_C_LANGUAGE_STANDARD = gnu17;
				GCC_NO_COMMON_BLOCKS = YES;
				GCC_WARN_64_TO_32_BIT_CONVERSION = YES;
				GCC_WARN_ABOUT_RETURN_TYPE = YES_ERROR;
				GCC_WARN_UNDECLARED_SELECTOR = YES;
				GCC_WARN_UNINITIALIZED_AUTOS = YES_AGGRESSIVE;
				GCC_WARN_UNUSED_FUNCTION = YES;
				GCC_WARN_UNUSED_VARIABLE = YES;
				IPHONEOS_DEPLOYMENT_TARGET = 17.2;
				LOCALIZATION_PREFERS_STRING_CATALOGS = YES;
				MTL_ENABLE_DEBUG_INFO = NO;
				MTL_FAST_MATH = YES;
				SDKROOT = iphoneos;
				SWIFT_COMPILATION_MODE = wholemodule;
				VALIDATE_PRODUCT = YES;
			};
			name = Release;
		};
		330C88832B6669C900FBF2BF /* Debug */ = {
			isa = XCBuildConfiguration;
			buildSettings = {
				ASSETCATALOG_COMPILER_APPICON_NAME = AppIcon;
				ASSETCATALOG_COMPILER_GLOBAL_ACCENT_COLOR_NAME = AccentColor;
				CODE_SIGN_STYLE = Automatic;
				CURRENT_PROJECT_VERSION = 1;
				DEVELOPMENT_TEAM = VL5Q3Q4476;
				GENERATE_INFOPLIST_FILE = YES;
				INFOPLIST_FILE = HaberProjesi/Info.plist;
				INFOPLIST_KEY_UIApplicationSupportsIndirectInputEvents = YES;
				INFOPLIST_KEY_UILaunchStoryboardName = LaunchScreen;
				INFOPLIST_KEY_UIMainStoryboardFile = Main;
				INFOPLIST_KEY_UISupportedInterfaceOrientations_iPad = "UIInterfaceOrientationPortrait UIInterfaceOrientationPortraitUpsideDown UIInterfaceOrientationLandscapeLeft UIInterfaceOrientationLandscapeRight";
				INFOPLIST_KEY_UISupportedInterfaceOrientations_iPhone = "UIInterfaceOrientationPortrait UIInterfaceOrientationLandscapeLeft UIInterfaceOrientationLandscapeRight";
				LD_RUNPATH_SEARCH_PATHS = (
					"$(inherited)",
					"@executable_path/Frameworks",
				);
				MARKETING_VERSION = 1.0;
				PRODUCT_BUNDLE_IDENTIFIER = sevketugurel.HaberProjesi;
				PRODUCT_NAME = "$(TARGET_NAME)";
				SWIFT_EMIT_LOC_STRINGS = YES;
				SWIFT_VERSION = 5.0;
				TARGETED_DEVICE_FAMILY = "1,2";
			};
			name = Debug;
		};
		330C88842B6669C900FBF2BF /* Release */ = {
			isa = XCBuildConfiguration;
			buildSettings = {
				ASSETCATALOG_COMPILER_APPICON_NAME = AppIcon;
				ASSETCATALOG_COMPILER_GLOBAL_ACCENT_COLOR_NAME = AccentColor;
				CODE_SIGN_STYLE = Automatic;
				CURRENT_PROJECT_VERSION = 1;
				DEVELOPMENT_TEAM = VL5Q3Q4476;
				GENERATE_INFOPLIST_FILE = YES;
				INFOPLIST_FILE = HaberProjesi/Info.plist;
				INFOPLIST_KEY_UIApplicationSupportsIndirectInputEvents = YES;
				INFOPLIST_KEY_UILaunchStoryboardName = LaunchScreen;
				INFOPLIST_KEY_UIMainStoryboardFile = Main;
				INFOPLIST_KEY_UISupportedInterfaceOrientations_iPad = "UIInterfaceOrientationPortrait UIInterfaceOrientationPortraitUpsideDown UIInterfaceOrientationLandscapeLeft UIInterfaceOrientationLandscapeRight";
				INFOPLIST_KEY_UISupportedInterfaceOrientations_iPhone = "UIInterfaceOrientationPortrait UIInterfaceOrientationLandscapeLeft UIInterfaceOrientationLandscapeRight";
				LD_RUNPATH_SEARCH_PATHS = (
					"$(inherited)",
					"@executable_path/Frameworks",
				);
				MARKETING_VERSION = 1.0;
				PRODUCT_BUNDLE_IDENTIFIER = sevketugurel.HaberProjesi;
				PRODUCT_NAME = "$(TARGET_NAME)";
				SWIFT_EMIT_LOC_STRINGS = YES;
				SWIFT_VERSION = 5.0;
				TARGETED_DEVICE_FAMILY = "1,2";
			};
			name = Release;
		};
/* End XCBuildConfiguration section */

/* Begin XCConfigurationList section */
		330C88692B6669C800FBF2BF /* Build configuration list for PBXProject "HaberProjesi" */ = {
			isa = XCConfigurationList;
			buildConfigurations = (
				330C88802B6669C900FBF2BF /* Debug */,
				330C88812B6669C900FBF2BF /* Release */,
			);
			defaultConfigurationIsVisible = 0;
			defaultConfigurationName = Release;
		};
		330C88822B6669C900FBF2BF /* Build configuration list for PBXNativeTarget "HaberProjesi" */ = {
			isa = XCConfigurationList;
			buildConfigurations = (
				330C88832B6669C900FBF2BF /* Debug */,
				330C88842B6669C900FBF2BF /* Release */,
			);
			defaultConfigurationIsVisible = 0;
			defaultConfigurationName = Release;
		};
/* End XCConfigurationList section */
	};
	rootObject = 330C88662B6669C800FBF2BF /* Project object */;
}
